
Microsoft Visual Studio Solution File, Format Version 12.00
# Visual Studio 2013
VisualStudioVersion = 12.0.30501.0
MinimumVisualStudioVersion = 10.0.40219.1
Project("{FAE04EC0-301F-11D3-BF4B-00C04F79EFBC}") = "LOTO", "LOTO\LOTO.csproj", "{4232339D-2C54-4144-AF96-5FD3299EF767}"
EndProject
Global
	GlobalSection(SolutionConfigurationPlatforms) = preSolution
		Debug|Any CPU = Debug|Any CPU
		Release|Any CPU = Release|Any CPU
	EndGlobalSection
	GlobalSection(ProjectConfigurationPlatforms) = postSolution
		{4232339D-2C54-4144-AF96-5FD3299EF767}.Debug|Any CPU.ActiveCfg = Debug|Any CPU
		{4232339D-2C54-4144-AF96-5FD3299EF767}.Debug|Any CPU.Build.0 = Debug|Any CPU
		{4232339D-2C54-4144-AF96-5FD3299EF767}.Release|Any CPU.ActiveCfg = Release|Any CPU
		{4232339D-2C54-4144-AF96-5FD3299EF767}.Release|Any CPU.Build.0 = Release|Any CPU
	EndGlobalSection
	GlobalSection(SolutionProperties) = preSolution
		HideSolutionNode = FALSE
	EndGlobalSection
EndGlobal
